
Microsoft Visual Studio Solution File, Format Version 12.00
# Visual Studio Version 16
VisualStudioVersion = 16.0.29209.152
MinimumVisualStudioVersion = 10.0.40219.1
Project("{FAE04EC0-301F-11D3-BF4B-00C04F79EFBC}") = "Test.LoggingDemo", "Test.LoggingDemo\Test.LoggingDemo.csproj", "{8C2CADE3-ABD8-4957-B514-142246FC5B42}"
EndProject
Global
	GlobalSection(SolutionConfigurationPlatforms) = preSolution
		Debug|Any CPU = Debug|Any CPU
		Release|Any CPU = Release|Any CPU
	EndGlobalSection
	GlobalSection(ProjectConfigurationPlatforms) = postSolution
		{8C2CADE3-ABD8-4957-B514-142246FC5B42}.Debug|Any CPU.ActiveCfg = Debug|Any CPU
		{8C2CADE3-ABD8-4957-B514-142246FC5B42}.Debug|Any CPU.Build.0 = Debug|Any CPU
		{8C2CADE3-ABD8-4957-B514-142246FC5B42}.Release|Any CPU.ActiveCfg = Release|Any CPU
		{8C2CADE3-ABD8-4957-B514-142246FC5B42}.Release|Any CPU.Build.0 = Release|Any CPU
	EndGlobalSection
	GlobalSection(SolutionProperties) = preSolution
		HideSolutionNode = FALSE
	EndGlobalSection
	GlobalSection(ExtensibilityGlobals) = postSolution
		SolutionGuid = {274594B9-AAB3-4581-8729-0DAFAEC43710}
	EndGlobalSection
EndGlobal
